
Microsoft Visual Studio Solution File, Format Version 12.00
# Visual Studio Version 16
VisualStudioVersion = 16.0.31702.278
MinimumVisualStudioVersion = 10.0.40219.1
Project("{FAE04EC0-301F-11D3-BF4B-00C04F79EFBC}") = "clienteC", "clienteC\clienteC.csproj", "{1B695576-C78B-4027-B260-484B857929EE}"
EndProject
Project("{2150E333-8FDC-42A3-9474-1A3956D46DE8}") = "Solution Items", "Solution Items", "{0158CE53-F0A9-4799-8F5C-1BF3B5984F12}"
	ProjectSection(SolutionItems) = preProject
		..\..\..\Documents\GitHub\Trabalho-Engenharia-De-Software-II\clienteC\clienteC\cadastro.cs = ..\..\..\Documents\GitHub\Trabalho-Engenharia-De-Software-II\clienteC\clienteC\cadastro.cs
		..\..\..\Documents\GitHub\Trabalho-Engenharia-De-Software-II\clienteC\clienteC\cadastro.Designer.cs = ..\..\..\Documents\GitHub\Trabalho-Engenharia-De-Software-II\clienteC\clienteC\cadastro.Designer.cs
		..\..\..\Documents\GitHub\Trabalho-Engenharia-De-Software-II\clienteC\clienteC\cadastro.resx = ..\..\..\Documents\GitHub\Trabalho-Engenharia-De-Software-II\clienteC\clienteC\cadastro.resx
		..\..\..\Documents\GitHub\Trabalho-Engenharia-De-Software-II\clienteC\clienteC\UserControl1.cs = ..\..\..\Documents\GitHub\Trabalho-Engenharia-De-Software-II\clienteC\clienteC\UserControl1.cs
		..\..\..\Documents\GitHub\Trabalho-Engenharia-De-Software-II\clienteC\clienteC\UserControl1.Designer.cs = ..\..\..\Documents\GitHub\Trabalho-Engenharia-De-Software-II\clienteC\clienteC\UserControl1.Designer.cs
		..\..\..\Documents\GitHub\Trabalho-Engenharia-De-Software-II\clienteC\clienteC\UserControl1.resx = ..\..\..\Documents\GitHub\Trabalho-Engenharia-De-Software-II\clienteC\clienteC\UserControl1.resx
	EndProjectSection
EndProject
Global
	GlobalSection(SolutionConfigurationPlatforms) = preSolution
		Debug|Any CPU = Debug|Any CPU
		Release|Any CPU = Release|Any CPU
	EndGlobalSection
	GlobalSection(ProjectConfigurationPlatforms) = postSolution
		{1B695576-C78B-4027-B260-484B857929EE}.Debug|Any CPU.ActiveCfg = Debug|Any CPU
		{1B695576-C78B-4027-B260-484B857929EE}.Debug|Any CPU.Build.0 = Debug|Any CPU
		{1B695576-C78B-4027-B260-484B857929EE}.Release|Any CPU.ActiveCfg = Release|Any CPU
		{1B695576-C78B-4027-B260-484B857929EE}.Release|Any CPU.Build.0 = Release|Any CPU
	EndGlobalSection
	GlobalSection(SolutionProperties) = preSolution
		HideSolutionNode = FALSE
	EndGlobalSection
	GlobalSection(ExtensibilityGlobals) = postSolution
		SolutionGuid = {17467E50-AB67-44E9-8688-00AFC51D81C9}
	EndGlobalSection
EndGlobal
